
Microsoft Visual Studio Solution File, Format Version 12.00
# Visual Studio 15
VisualStudioVersion = 15.0.28307.271
MinimumVisualStudioVersion = 10.0.40219.1
Project("{8BC9CEB8-8B4A-11D0-8D11-00A0C91BC942}") = "blocksolver", "blocksolver\blocksolver.vcxproj", "{58139675-D31D-45D1-B9DF-642DDB4E3F36}"
EndProject
Project("{8BC9CEB8-8B4A-11D0-8D11-00A0C91BC942}") = "UnitTesting", "UnitTesting\UnitTesting.vcxproj", "{0F767719-EA62-4AE1-BEFC-48C550D086C1}"
EndProject
Global
	GlobalSection(SolutionConfigurationPlatforms) = preSolution
		Debug|x64 = Debug|x64
		Debug|x86 = Debug|x86
		Release|x64 = Release|x64
		Release|x86 = Release|x86
	EndGlobalSection
	GlobalSection(ProjectConfigurationPlatforms) = postSolution
		{58139675-D31D-45D1-B9DF-642DDB4E3F36}.Debug|x64.ActiveCfg = Debug|x64
		{58139675-D31D-45D1-B9DF-642DDB4E3F36}.Debug|x64.Build.0 = Debug|x64
		{58139675-D31D-45D1-B9DF-642DDB4E3F36}.Debug|x86.ActiveCfg = Debug|Win32
		{58139675-D31D-45D1-B9DF-642DDB4E3F36}.Debug|x86.Build.0 = Debug|Win32
		{58139675-D31D-45D1-B9DF-642DDB4E3F36}.Release|x64.ActiveCfg = Release|x64
		{58139675-D31D-45D1-B9DF-642DDB4E3F36}.Release|x64.Build.0 = Release|x64
		{58139675-D31D-45D1-B9DF-642DDB4E3F36}.Release|x86.ActiveCfg = Release|Win32
		{58139675-D31D-45D1-B9DF-642DDB4E3F36}.Release|x86.Build.0 = Release|Win32
		{0F767719-EA62-4AE1-BEFC-48C550D086C1}.Debug|x64.ActiveCfg = Debug|x64
		{0F767719-EA62-4AE1-BEFC-48C550D086C1}.Debug|x64.Build.0 = Debug|x64
		{0F767719-EA62-4AE1-BEFC-48C550D086C1}.Debug|x86.ActiveCfg = Debug|Win32
		{0F767719-EA62-4AE1-BEFC-48C550D086C1}.Debug|x86.Build.0 = Debug|Win32
		{0F767719-EA62-4AE1-BEFC-48C550D086C1}.Release|x64.ActiveCfg = Release|x64
		{0F767719-EA62-4AE1-BEFC-48C550D086C1}.Release|x64.Build.0 = Release|x64
		{0F767719-EA62-4AE1-BEFC-48C550D086C1}.Release|x86.ActiveCfg = Release|Win32
		{0F767719-EA62-4AE1-BEFC-48C550D086C1}.Release|x86.Build.0 = Release|Win32
	EndGlobalSection
	GlobalSection(SolutionProperties) = preSolution
		HideSolutionNode = FALSE
	EndGlobalSection
	GlobalSection(ExtensibilityGlobals) = postSolution
		SolutionGuid = {D26ED56D-9B07-4224-AA3F-358C69093C4B}
	EndGlobalSection
EndGlobal
